
Microsoft Visual Studio Solution File, Format Version 12.00
# Visual Studio Version 16
VisualStudioVersion = 16.0.31019.35
MinimumVisualStudioVersion = 10.0.40219.1
Project("{FAE04EC0-301F-11D3-BF4B-00C04F79EFBC}") = "invisArmor", "invisArmor.csproj", "{E097CD5B-EE60-4369-8B61-EF0B257EB574}"
EndProject
Global
	GlobalSection(SolutionConfigurationPlatforms) = preSolution
		Debug|Any CPU = Debug|Any CPU
		Release|Any CPU = Release|Any CPU
	EndGlobalSection
	GlobalSection(ProjectConfigurationPlatforms) = postSolution
		{E097CD5B-EE60-4369-8B61-EF0B257EB574}.Debug|Any CPU.ActiveCfg = Debug|Any CPU
		{E097CD5B-EE60-4369-8B61-EF0B257EB574}.Debug|Any CPU.Build.0 = Debug|Any CPU
		{E097CD5B-EE60-4369-8B61-EF0B257EB574}.Release|Any CPU.ActiveCfg = Release|Any CPU
		{E097CD5B-EE60-4369-8B61-EF0B257EB574}.Release|Any CPU.Build.0 = Release|Any CPU
	EndGlobalSection
	GlobalSection(SolutionProperties) = preSolution
		HideSolutionNode = FALSE
	EndGlobalSection
	GlobalSection(ExtensibilityGlobals) = postSolution
		SolutionGuid = {A95D304A-F961-4560-A4A0-F7FB15407B77}
	EndGlobalSection
EndGlobal
