
Microsoft Visual Studio Solution File, Format Version 12.00
# Visual Studio Version 16
VisualStudioVersion = 16.0.31019.35
MinimumVisualStudioVersion = 10.0.40219.1
Project("{FAE04EC0-301F-11D3-BF4B-00C04F79EFBC}") = "Backpack", "Backpack.csproj", "{F2F7D16A-9DA7-4B60-B21D-F2467F66DDCF}"
EndProject
Project("{2150E333-8FDC-42A3-9474-1A3956D46DE8}") = "Solution Items", "Solution Items", "{54B46F7D-0888-4839-8453-3C90DD3A2603}"
EndProject
Global
	GlobalSection(SolutionConfigurationPlatforms) = preSolution
		Debug|Any CPU = Debug|Any CPU
		Release|Any CPU = Release|Any CPU
	EndGlobalSection
	GlobalSection(ProjectConfigurationPlatforms) = postSolution
		{F2F7D16A-9DA7-4B60-B21D-F2467F66DDCF}.Debug|Any CPU.ActiveCfg = Debug|Any CPU
		{F2F7D16A-9DA7-4B60-B21D-F2467F66DDCF}.Debug|Any CPU.Build.0 = Debug|Any CPU
		{F2F7D16A-9DA7-4B60-B21D-F2467F66DDCF}.Release|Any CPU.ActiveCfg = Release|Any CPU
		{F2F7D16A-9DA7-4B60-B21D-F2467F66DDCF}.Release|Any CPU.Build.0 = Release|Any CPU
	EndGlobalSection
	GlobalSection(SolutionProperties) = preSolution
		HideSolutionNode = FALSE
	EndGlobalSection
	GlobalSection(ExtensibilityGlobals) = postSolution
		SolutionGuid = {DB235B98-ED18-4D39-91F8-7293517A11ED}
	EndGlobalSection
EndGlobal
