
Microsoft Visual Studio Solution File, Format Version 12.00
# Visual Studio Version 16
VisualStudioVersion = 16.0.31019.35
MinimumVisualStudioVersion = 10.0.40219.1
Project("{FAE04EC0-301F-11D3-BF4B-00C04F79EFBC}") = "InvisHelm", "InvisHelm.csproj", "{9857178C-2FE7-4EC1-8633-DAAA572397AA}"
EndProject
Global
	GlobalSection(SolutionConfigurationPlatforms) = preSolution
		Debug|Any CPU = Debug|Any CPU
		Release|Any CPU = Release|Any CPU
	EndGlobalSection
	GlobalSection(ProjectConfigurationPlatforms) = postSolution
		{9857178C-2FE7-4EC1-8633-DAAA572397AA}.Debug|Any CPU.ActiveCfg = Debug|Any CPU
		{9857178C-2FE7-4EC1-8633-DAAA572397AA}.Debug|Any CPU.Build.0 = Debug|Any CPU
		{9857178C-2FE7-4EC1-8633-DAAA572397AA}.Release|Any CPU.ActiveCfg = Release|Any CPU
		{9857178C-2FE7-4EC1-8633-DAAA572397AA}.Release|Any CPU.Build.0 = Release|Any CPU
	EndGlobalSection
	GlobalSection(SolutionProperties) = preSolution
		HideSolutionNode = FALSE
	EndGlobalSection
	GlobalSection(ExtensibilityGlobals) = postSolution
		SolutionGuid = {0F3D96FB-8BED-495A-B91C-D5F78599E9F9}
	EndGlobalSection
EndGlobal
